// !$*UTF8*$!
{
	archiveVersion = 1;
	classes = {
	};
	objectVersion = 50;
	objects = {

/* Begin PBXBuildFile section */
		622FD3E57600838A5ADD2CAD /* Pods_MyAssetsIOS.framework in Frameworks */ = {isa = PBXBuildFile; fileRef = A5DB3688294BC42EB653AC6C /* Pods_MyAssetsIOS.framework */; };
		A22F6FE4221B86EF0014A1A7 /* AddTimeAssetPositionDelegate.swift in Sources */ = {isa = PBXBuildFile; fileRef = A22F6FE3221B86EF0014A1A7 /* AddTimeAssetPositionDelegate.swift */; };
		A23F317A21E62E5E0070ECDB /* AppDelegate.swift in Sources */ = {isa = PBXBuildFile; fileRef = A23F317921E62E5E0070ECDB /* AppDelegate.swift */; };
		A23F317C21E62E5E0070ECDB /* SummaryViewController.swift in Sources */ = {isa = PBXBuildFile; fileRef = A23F317B21E62E5E0070ECDB /* SummaryViewController.swift */; };
		A23F317E21E62E5E0070ECDB /* NewAssetPositionViewController.swift in Sources */ = {isa = PBXBuildFile; fileRef = A23F317D21E62E5E0070ECDB /* NewAssetPositionViewController.swift */; };
		A23F318121E62E5E0070ECDB /* Main.storyboard in Resources */ = {isa = PBXBuildFile; fileRef = A23F317F21E62E5E0070ECDB /* Main.storyboard */; };
		A23F318321E62E5E0070ECDB /* Assets.xcassets in Resources */ = {isa = PBXBuildFile; fileRef = A23F318221E62E5E0070ECDB /* Assets.xcassets */; };
		A23F318621E62E5E0070ECDB /* LaunchScreen.storyboard in Resources */ = {isa = PBXBuildFile; fileRef = A23F318421E62E5E0070ECDB /* LaunchScreen.storyboard */; };
		A23F318F21E77A820070ECDB /* TimePositionService.swift in Sources */ = {isa = PBXBuildFile; fileRef = A23F318E21E77A820070ECDB /* TimePositionService.swift */; };
		A23F319121E77B010070ECDB /* AssetPosition.swift in Sources */ = {isa = PBXBuildFile; fileRef = A23F319021E77B010070ECDB /* AssetPosition.swift */; };
		A23F319421E7AC220070ECDB /* HistoryTableViewController.swift in Sources */ = {isa = PBXBuildFile; fileRef = A23F319321E7AC220070ECDB /* HistoryTableViewController.swift */; };
		A23F319721EB70550070ECDB /* UrlAWSRequestSigner.swift in Sources */ = {isa = PBXBuildFile; fileRef = A23F319621EB70540070ECDB /* UrlAWSRequestSigner.swift */; };
		A23F319921EFF1E80070ECDB /* TimePosition.swift in Sources */ = {isa = PBXBuildFile; fileRef = A23F319821EFF1E80070ECDB /* TimePosition.swift */; };
		A2D2D6AF22052F5A00291954 /* AppSecrets.stencil in Resources */ = {isa = PBXBuildFile; fileRef = A2D2D6AE22052F5A00291954 /* AppSecrets.stencil */; };
		A2D2D6B622073C5B00291954 /* AppSecrets.generated.swift in Sources */ = {isa = PBXBuildFile; fileRef = A2D2D6B522073C5B00291954 /* AppSecrets.generated.swift */; };
		A2D2D6B822075BDD00291954 /* HMACSHA.swift in Sources */ = {isa = PBXBuildFile; fileRef = A2D2D6B722075BDD00291954 /* HMACSHA.swift */; };
		A2D2D6BB22075D2700291954 /* HMACSHA.m in Sources */ = {isa = PBXBuildFile; fileRef = A2D2D6BA22075D2700291954 /* HMACSHA.m */; };
/* End PBXBuildFile section */

/* Begin PBXFileReference section */
		A21E373742CB2E177B26C172 /* Pods-MyAssetsIOS.release.xcconfig */ = {isa = PBXFileReference; includeInIndex = 1; lastKnownFileType = text.xcconfig; name = "Pods-MyAssetsIOS.release.xcconfig"; path = "Pods/Target Support Files/Pods-MyAssetsIOS/Pods-MyAssetsIOS.release.xcconfig"; sourceTree = "<group>"; };
		A22F6FE3221B86EF0014A1A7 /* AddTimeAssetPositionDelegate.swift */ = {isa = PBXFileReference; lastKnownFileType = sourcecode.swift; path = AddTimeAssetPositionDelegate.swift; sourceTree = "<group>"; };
		A23F317621E62E5E0070ECDB /* MyAssetsIOS.app */ = {isa = PBXFileReference; explicitFileType = wrapper.application; includeInIndex = 0; path = MyAssetsIOS.app; sourceTree = BUILT_PRODUCTS_DIR; };
		A23F317921E62E5E0070ECDB /* AppDelegate.swift */ = {isa = PBXFileReference; lastKnownFileType = sourcecode.swift; path = AppDelegate.swift; sourceTree = "<group>"; };
		A23F317B21E62E5E0070ECDB /* SummaryViewController.swift */ = {isa = PBXFileReference; lastKnownFileType = sourcecode.swift; name = SummaryViewController.swift; path = MyAssetsIOS/Views/SummaryViewController.swift; sourceTree = SOURCE_ROOT; };
		A23F317D21E62E5E0070ECDB /* NewAssetPositionViewController.swift */ = {isa = PBXFileReference; lastKnownFileType = sourcecode.swift; name = NewAssetPositionViewController.swift; path = MyAssetsIOS/Views/NewAssetPositionViewController.swift; sourceTree = SOURCE_ROOT; };
		A23F318021E62E5E0070ECDB /* Base */ = {isa = PBXFileReference; lastKnownFileType = file.storyboard; name = Base; path = Base.lproj/Main.storyboard; sourceTree = "<group>"; };
		A23F318221E62E5E0070ECDB /* Assets.xcassets */ = {isa = PBXFileReference; lastKnownFileType = folder.assetcatalog; path = Assets.xcassets; sourceTree = "<group>"; };
		A23F318521E62E5E0070ECDB /* Base */ = {isa = PBXFileReference; lastKnownFileType = file.storyboard; name = Base; path = Base.lproj/LaunchScreen.storyboard; sourceTree = "<group>"; };
		A23F318721E62E5E0070ECDB /* Info.plist */ = {isa = PBXFileReference; lastKnownFileType = text.plist.xml; path = Info.plist; sourceTree = "<group>"; };
		A23F318E21E77A820070ECDB /* TimePositionService.swift */ = {isa = PBXFileReference; lastKnownFileType = sourcecode.swift; path = TimePositionService.swift; sourceTree = "<group>"; };
		A23F319021E77B010070ECDB /* AssetPosition.swift */ = {isa = PBXFileReference; lastKnownFileType = sourcecode.swift; path = AssetPosition.swift; sourceTree = "<group>"; };
		A23F319321E7AC220070ECDB /* HistoryTableViewController.swift */ = {isa = PBXFileReference; lastKnownFileType = sourcecode.swift; path = HistoryTableViewController.swift; sourceTree = "<group>"; };
		A23F319621EB70540070ECDB /* UrlAWSRequestSigner.swift */ = {isa = PBXFileReference; lastKnownFileType = sourcecode.swift; path = UrlAWSRequestSigner.swift; sourceTree = "<group>"; };
		A23F319821EFF1E80070ECDB /* TimePosition.swift */ = {isa = PBXFileReference; lastKnownFileType = sourcecode.swift; path = TimePosition.swift; sourceTree = "<group>"; };
		A2D2D6AE22052F5A00291954 /* AppSecrets.stencil */ = {isa = PBXFileReference; fileEncoding = 4; lastKnownFileType = text; path = AppSecrets.stencil; sourceTree = "<group>"; };
		A2D2D6B522073C5B00291954 /* AppSecrets.generated.swift */ = {isa = PBXFileReference; fileEncoding = 4; lastKnownFileType = sourcecode.swift; path = AppSecrets.generated.swift; sourceTree = "<group>"; };
		A2D2D6B722075BDD00291954 /* HMACSHA.swift */ = {isa = PBXFileReference; lastKnownFileType = sourcecode.swift; path = HMACSHA.swift; sourceTree = "<group>"; };
		A2D2D6B922075D2600291954 /* MyAssetsIOS-Bridging-Header.h */ = {isa = PBXFileReference; lastKnownFileType = sourcecode.c.h; path = "MyAssetsIOS-Bridging-Header.h"; sourceTree = "<group>"; };
		A2D2D6BA22075D2700291954 /* HMACSHA.m */ = {isa = PBXFileReference; lastKnownFileType = sourcecode.c.objc; path = HMACSHA.m; sourceTree = "<group>"; };
		A5DB3688294BC42EB653AC6C /* Pods_MyAssetsIOS.framework */ = {isa = PBXFileReference; explicitFileType = wrapper.framework; includeInIndex = 0; path = Pods_MyAssetsIOS.framework; sourceTree = BUILT_PRODUCTS_DIR; };
		B7CB4522C513EA00F2480D7A /* Pods-MyAssetsIOS.debug.xcconfig */ = {isa = PBXFileReference; includeInIndex = 1; lastKnownFileType = text.xcconfig; name = "Pods-MyAssetsIOS.debug.xcconfig"; path = "Pods/Target Support Files/Pods-MyAssetsIOS/Pods-MyAssetsIOS.debug.xcconfig"; sourceTree = "<group>"; };
/* End PBXFileReference section */

/* Begin PBXFrameworksBuildPhase section */
		A23F317321E62E5E0070ECDB /* Frameworks */ = {
			isa = PBXFrameworksBuildPhase;
			buildActionMask = 2147483647;
			files = (
				622FD3E57600838A5ADD2CAD /* Pods_MyAssetsIOS.framework in Frameworks */,
			);
			runOnlyForDeploymentPostprocessing = 0;
		};
/* End PBXFrameworksBuildPhase section */

/* Begin PBXGroup section */
		16A1156EF560EAEF4DB4D6F8 /* Frameworks */ = {
			isa = PBXGroup;
			children = (
				A5DB3688294BC42EB653AC6C /* Pods_MyAssetsIOS.framework */,
			);
			name = Frameworks;
			sourceTree = "<group>";
		};
		775883B2C7CA16C8009E402E /* Pods */ = {
			isa = PBXGroup;
			children = (
				B7CB4522C513EA00F2480D7A /* Pods-MyAssetsIOS.debug.xcconfig */,
				A21E373742CB2E177B26C172 /* Pods-MyAssetsIOS.release.xcconfig */,
			);
			name = Pods;
			sourceTree = "<group>";
		};
		A23F316D21E62E5E0070ECDB = {
			isa = PBXGroup;
			children = (
				A23F317821E62E5E0070ECDB /* MyAssetsIOS */,
				A23F317721E62E5E0070ECDB /* Products */,
				775883B2C7CA16C8009E402E /* Pods */,
				16A1156EF560EAEF4DB4D6F8 /* Frameworks */,
			);
			sourceTree = "<group>";
		};
		A23F317721E62E5E0070ECDB /* Products */ = {
			isa = PBXGroup;
			children = (
				A23F317621E62E5E0070ECDB /* MyAssetsIOS.app */,
			);
			name = Products;
			sourceTree = "<group>";
		};
		A23F317821E62E5E0070ECDB /* MyAssetsIOS */ = {
			isa = PBXGroup;
			children = (
				A2D2D6B22205305A00291954 /* Generated */,
				A2D2D6B022052FD800291954 /* Templates */,
				A23F319521EB702F0070ECDB /* Utils */,
				A23F319221E7927F0070ECDB /* Views */,
				A23F318D21E77A110070ECDB /* Model */,
				A23F317921E62E5E0070ECDB /* AppDelegate.swift */,
				A23F317F21E62E5E0070ECDB /* Main.storyboard */,
				A23F318221E62E5E0070ECDB /* Assets.xcassets */,
				A23F318421E62E5E0070ECDB /* LaunchScreen.storyboard */,
				A23F318721E62E5E0070ECDB /* Info.plist */,
			);
			path = MyAssetsIOS;
			sourceTree = "<group>";
		};
		A23F318D21E77A110070ECDB /* Model */ = {
			isa = PBXGroup;
			children = (
				A23F318E21E77A820070ECDB /* TimePositionService.swift */,
				A23F319021E77B010070ECDB /* AssetPosition.swift */,
				A23F319821EFF1E80070ECDB /* TimePosition.swift */,
				A22F6FE3221B86EF0014A1A7 /* AddTimeAssetPositionDelegate.swift */,
			);
			path = Model;
			sourceTree = "<group>";
		};
		A23F319221E7927F0070ECDB /* Views */ = {
			isa = PBXGroup;
			children = (
				A23F317B21E62E5E0070ECDB /* SummaryViewController.swift */,
				A23F317D21E62E5E0070ECDB /* NewAssetPositionViewController.swift */,
				A23F319321E7AC220070ECDB /* HistoryTableViewController.swift */,
			);
			path = Views;
			sourceTree = "<group>";
		};
		A23F319521EB702F0070ECDB /* Utils */ = {
			isa = PBXGroup;
			children = (
				A23F319621EB70540070ECDB /* UrlAWSRequestSigner.swift */,
				A2D2D6B722075BDD00291954 /* HMACSHA.swift */,
				A2D2D6BA22075D2700291954 /* HMACSHA.m */,
				A2D2D6B922075D2600291954 /* MyAssetsIOS-Bridging-Header.h */,
			);
			path = Utils;
			sourceTree = "<group>";
		};
		A2D2D6B022052FD800291954 /* Templates */ = {
			isa = PBXGroup;
			children = (
				A2D2D6AE22052F5A00291954 /* AppSecrets.stencil */,
			);
			path = Templates;
			sourceTree = "<group>";
		};
		A2D2D6B22205305A00291954 /* Generated */ = {
			isa = PBXGroup;
			children = (
				A2D2D6B522073C5B00291954 /* AppSecrets.generated.swift */,
			);
			path = Generated;
			sourceTree = "<group>";
		};
/* End PBXGroup section */

/* Begin PBXNativeTarget section */
		A23F317521E62E5E0070ECDB /* MyAssetsIOS */ = {
			isa = PBXNativeTarget;
			buildConfigurationList = A23F318A21E62E5E0070ECDB /* Build configuration list for PBXNativeTarget "MyAssetsIOS" */;
			buildPhases = (
				BE5BAF09029FF2CCDABB4585 /* [CP] Check Pods Manifest.lock */,
				A23F317221E62E5E0070ECDB /* Sources */,
				A23F317321E62E5E0070ECDB /* Frameworks */,
				A23F317421E62E5E0070ECDB /* Resources */,
				A2D2D6B12205300B00291954 /* ShellScript */,
			);
			buildRules = (
			);
			dependencies = (
			);
			name = MyAssetsIOS;
			productName = MyAssetsIOS;
			productReference = A23F317621E62E5E0070ECDB /* MyAssetsIOS.app */;
			productType = "com.apple.product-type.application";
		};
/* End PBXNativeTarget section */

/* Begin PBXProject section */
		A23F316E21E62E5E0070ECDB /* Project object */ = {
			isa = PBXProject;
			attributes = {
				LastSwiftUpdateCheck = 1010;
				LastUpgradeCheck = 1010;
				ORGANIZATIONNAME = "Denis Sacramento C. Capeto";
				TargetAttributes = {
					A23F317521E62E5E0070ECDB = {
						CreatedOnToolsVersion = 10.1;
						LastSwiftMigration = 1010;
					};
				};
			};
			buildConfigurationList = A23F317121E62E5E0070ECDB /* Build configuration list for PBXProject "MyAssetsIOS" */;
			compatibilityVersion = "Xcode 9.3";
			developmentRegion = en;
			hasScannedForEncodings = 0;
			knownRegions = (
				en,
				Base,
			);
			mainGroup = A23F316D21E62E5E0070ECDB;
			productRefGroup = A23F317721E62E5E0070ECDB /* Products */;
			projectDirPath = "";
			projectRoot = "";
			targets = (
				A23F317521E62E5E0070ECDB /* MyAssetsIOS */,
			);
		};
/* End PBXProject section */

/* Begin PBXResourcesBuildPhase section */
		A23F317421E62E5E0070ECDB /* Resources */ = {
			isa = PBXResourcesBuildPhase;
			buildActionMask = 2147483647;
			files = (
				A2D2D6AF22052F5A00291954 /* AppSecrets.stencil in Resources */,
				A23F318621E62E5E0070ECDB /* LaunchScreen.storyboard in Resources */,
				A23F318321E62E5E0070ECDB /* Assets.xcassets in Resources */,
				A23F318121E62E5E0070ECDB /* Main.storyboard in Resources */,
			);
			runOnlyForDeploymentPostprocessing = 0;
		};
/* End PBXResourcesBuildPhase section */

/* Begin PBXShellScriptBuildPhase section */
		A2D2D6B12205300B00291954 /* ShellScript */ = {
			isa = PBXShellScriptBuildPhase;
			buildActionMask = 2147483647;
			files = (
			);
			inputFileListPaths = (
			);
			inputPaths = (
			);
			outputFileListPaths = (
			);
			outputPaths = (
			);
			runOnlyForDeploymentPostprocessing = 0;
			shellScript = "# Type a script or drag a script file from your workspace to insert its path.\nif [ -f MyAssetsIOS/env-vars.sh ]; then\n    echo 'Exporting vars'\n    source MyAssetsIOS/env-vars.sh\nelse\n    echo 'file env-vars.sh not found'\nfi\n\n#ls MyAssetsIOS\n\necho \"SECRET_KEY value: \" $SECRET_KEY\necho \"gatewayApiUrl: \" $gatewayApiUrl\necho \"authAddTimePosition: \" \\\"$authAddTimePosition\\\"\necho \"authGetPositions: \" $authGetPositions\n#\\\"$SECRET_KEY\\\"\n#sourcery --sources . --templates MyAssetsIOS/Templates/AppSecrets.stencil --output MyAssetsIOS/Generated --args secretKey=/\"$SECRET_KEY\"/\nsourcery --sources . --templates MyAssetsIOS/Templates/AppSecrets.stencil --output MyAssetsIOS/Generated --args secretKey=\\\"$SECRETO_KEY\\\",gatewayApiUrl=\\\"$gatewayApiUrl\\\",authSignatureAddTimePosition=\\\"$authSignatureAddTimePosition\\\",authSignatureGetPositions=\\\"$authSignatureGetPositions\\\",authAWSCredential=\\\"$authAWSCredential\\\"\n\necho \"fim execucao sourcery\"\n\n\n";
		};
		BE5BAF09029FF2CCDABB4585 /* [CP] Check Pods Manifest.lock */ = {
			isa = PBXShellScriptBuildPhase;
			buildActionMask = 2147483647;
			files = (
			);
			inputFileListPaths = (
			);
			inputPaths = (
				"${PODS_PODFILE_DIR_PATH}/Podfile.lock",
				"${PODS_ROOT}/Manifest.lock",
			);
			name = "[CP] Check Pods Manifest.lock";
			outputFileListPaths = (
			);
			outputPaths = (
				"$(DERIVED_FILE_DIR)/Pods-MyAssetsIOS-checkManifestLockResult.txt",
			);
			runOnlyForDeploymentPostprocessing = 0;
			shellPath = /bin/sh;
			shellScript = "diff \"${PODS_PODFILE_DIR_PATH}/Podfile.lock\" \"${PODS_ROOT}/Manifest.lock\" > /dev/null\nif [ $? != 0 ] ; then\n    # print error to STDERR\n    echo \"error: The sandbox is not in sync with the Podfile.lock. Run 'pod install' or update your CocoaPods installation.\" >&2\n    exit 1\nfi\n# This output is used by Xcode 'outputs' to avoid re-running this script phase.\necho \"SUCCESS\" > \"${SCRIPT_OUTPUT_FILE_0}\"\n";
			showEnvVarsInLog = 0;
		};
/* End PBXShellScriptBuildPhase section */

/* Begin PBXSourcesBuildPhase section */
		A23F317221E62E5E0070ECDB /* Sources */ = {
			isa = PBXSourcesBuildPhase;
			buildActionMask = 2147483647;
			files = (
				A23F317E21E62E5E0070ECDB /* NewAssetPositionViewController.swift in Sources */,
				A23F319921EFF1E80070ECDB /* TimePosition.swift in Sources */,
				A2D2D6B622073C5B00291954 /* AppSecrets.generated.swift in Sources */,
				A2D2D6B822075BDD00291954 /* HMACSHA.swift in Sources */,
				A23F317A21E62E5E0070ECDB /* AppDelegate.swift in Sources */,
				A22F6FE4221B86EF0014A1A7 /* AddTimeAssetPositionDelegate.swift in Sources */,
				A23F319421E7AC220070ECDB /* HistoryTableViewController.swift in Sources */,
				A23F319121E77B010070ECDB /* AssetPosition.swift in Sources */,
				A23F318F21E77A820070ECDB /* TimePositionService.swift in Sources */,
				A23F317C21E62E5E0070ECDB /* SummaryViewController.swift in Sources */,
				A23F319721EB70550070ECDB /* UrlAWSRequestSigner.swift in Sources */,
				A2D2D6BB22075D2700291954 /* HMACSHA.m in Sources */,
			);
			runOnlyForDeploymentPostprocessing = 0;
		};
/* End PBXSourcesBuildPhase section */

/* Begin PBXVariantGroup section */
		A23F317F21E62E5E0070ECDB /* Main.storyboard */ = {
			isa = PBXVariantGroup;
			children = (
				A23F318021E62E5E0070ECDB /* Base */,
			);
			name = Main.storyboard;
			sourceTree = "<group>";
		};
		A23F318421E62E5E0070ECDB /* LaunchScreen.storyboard */ = {
			isa = PBXVariantGroup;
			children = (
				A23F318521E62E5E0070ECDB /* Base */,
			);
			name = LaunchScreen.storyboard;
			sourceTree = "<group>";
		};
/* End PBXVariantGroup section */

/* Begin XCBuildConfiguration section */
		A23F318821E62E5E0070ECDB /* Debug */ = {
			isa = XCBuildConfiguration;
			buildSettings = {
				ALWAYS_SEARCH_USER_PATHS = NO;
				CLANG_ANALYZER_NONNULL = YES;
				CLANG_ANALYZER_NUMBER_OBJECT_CONVERSION = YES_AGGRESSIVE;
				CLANG_CXX_LANGUAGE_STANDARD = "gnu++14";
				CLANG_CXX_LIBRARY = "libc++";
				CLANG_ENABLE_MODULES = YES;
				CLANG_ENABLE_OBJC_ARC = YES;
				CLANG_ENABLE_OBJC_WEAK = YES;
				CLANG_WARN_BLOCK_CAPTURE_AUTORELEASING = YES;
				CLANG_WARN_BOOL_CONVERSION = YES;
				CLANG_WARN_COMMA = YES;
				CLANG_WARN_CONSTANT_CONVERSION = YES;
				CLANG_WARN_DEPRECATED_OBJC_IMPLEMENTATIONS = YES;
				CLANG_WARN_DIRECT_OBJC_ISA_USAGE = YES_ERROR;
				CLANG_WARN_DOCUMENTATION_COMMENTS = YES;
				CLANG_WARN_EMPTY_BODY = YES;
				CLANG_WARN_ENUM_CONVERSION = YES;
				CLANG_WARN_INFINITE_RECURSION = YES;
				CLANG_WARN_INT_CONVERSION = YES;
				CLANG_WARN_NON_LITERAL_NULL_CONVERSION = YES;
				CLANG_WARN_OBJC_IMPLICIT_RETAIN_SELF = YES;
				CLANG_WARN_OBJC_LITERAL_CONVERSION = YES;
				CLANG_WARN_OBJC_ROOT_CLASS = YES_ERROR;
				CLANG_WARN_RANGE_LOOP_ANALYSIS = YES;
				CLANG_WARN_STRICT_PROTOTYPES = YES;
				CLANG_WARN_SUSPICIOUS_MOVE = YES;
				CLANG_WARN_UNGUARDED_AVAILABILITY = YES_AGGRESSIVE;
				CLANG_WARN_UNREACHABLE_CODE = YES;
				CLANG_WARN__DUPLICATE_METHOD_MATCH = YES;
				CODE_SIGN_IDENTITY = "iPhone Developer";
				COPY_PHASE_STRIP = NO;
				DEBUG_INFORMATION_FORMAT = dwarf;
				ENABLE_STRICT_OBJC_MSGSEND = YES;
				ENABLE_TESTABILITY = YES;
				GCC_C_LANGUAGE_STANDARD = gnu11;
				GCC_DYNAMIC_NO_PIC = NO;
				GCC_NO_COMMON_BLOCKS = YES;
				GCC_OPTIMIZATION_LEVEL = 0;
				GCC_PREPROCESSOR_DEFINITIONS = (
					"DEBUG=1",
					"$(inherited)",
				);
				GCC_WARN_64_TO_32_BIT_CONVERSION = YES;
				GCC_WARN_ABOUT_RETURN_TYPE = YES_ERROR;
				GCC_WARN_UNDECLARED_SELECTOR = YES;
				GCC_WARN_UNINITIALIZED_AUTOS = YES_AGGRESSIVE;
				GCC_WARN_UNUSED_FUNCTION = YES;
				GCC_WARN_UNUSED_VARIABLE = YES;
				IPHONEOS_DEPLOYMENT_TARGET = 12.1;
				MTL_ENABLE_DEBUG_INFO = INCLUDE_SOURCE;
				MTL_FAST_MATH = YES;
				ONLY_ACTIVE_ARCH = YES;
				SDKROOT = iphoneos;
				SWIFT_ACTIVE_COMPILATION_CONDITIONS = DEBUG;
				SWIFT_OPTIMIZATION_LEVEL = "-Onone";
			};
			name = Debug;
		};
		A23F318921E62E5E0070ECDB /* Release */ = {
			isa = XCBuildConfiguration;
			buildSettings = {
				ALWAYS_SEARCH_USER_PATHS = NO;
				CLANG_ANALYZER_NONNULL = YES;
				CLANG_ANALYZER_NUMBER_OBJECT_CONVERSION = YES_AGGRESSIVE;
				CLANG_CXX_LANGUAGE_STANDARD = "gnu++14";
				CLANG_CXX_LIBRARY = "libc++";
				CLANG_ENABLE_MODULES = YES;
				CLANG_ENABLE_OBJC_ARC = YES;
				CLANG_ENABLE_OBJC_WEAK = YES;
				CLANG_WARN_BLOCK_CAPTURE_AUTORELEASING = YES;
				CLANG_WARN_BOOL_CONVERSION = YES;
				CLANG_WARN_COMMA = YES;
				CLANG_WARN_CONSTANT_CONVERSION = YES;
				CLANG_WARN_DEPRECATED_OBJC_IMPLEMENTATIONS = YES;
				CLANG_WARN_DIRECT_OBJC_ISA_USAGE = YES_ERROR;
				CLANG_WARN_DOCUMENTATION_COMMENTS = YES;
				CLANG_WARN_EMPTY_BODY = YES;
				CLANG_WARN_ENUM_CONVERSION = YES;
				CLANG_WARN_INFINITE_RECURSION = YES;
				CLANG_WARN_INT_CONVERSION = YES;
				CLANG_WARN_NON_LITERAL_NULL_CONVERSION = YES;
				CLANG_WARN_OBJC_IMPLICIT_RETAIN_SELF = YES;
				CLANG_WARN_OBJC_LITERAL_CONVERSION = YES;
				CLANG_WARN_OBJC_ROOT_CLASS = YES_ERROR;
				CLANG_WARN_RANGE_LOOP_ANALYSIS = YES;
				CLANG_WARN_STRICT_PROTOTYPES = YES;
				CLANG_WARN_SUSPICIOUS_MOVE = YES;
				CLANG_WARN_UNGUARDED_AVAILABILITY = YES_AGGRESSIVE;
				CLANG_WARN_UNREACHABLE_CODE = YES;
				CLANG_WARN__DUPLICATE_METHOD_MATCH = YES;
				CODE_SIGN_IDENTITY = "iPhone Developer";
				COPY_PHASE_STRIP = NO;
				DEBUG_INFORMATION_FORMAT = "dwarf-with-dsym";
				ENABLE_NS_ASSERTIONS = NO;
				ENABLE_STRICT_OBJC_MSGSEND = YES;
				GCC_C_LANGUAGE_STANDARD = gnu11;
				GCC_NO_COMMON_BLOCKS = YES;
				GCC_WARN_64_TO_32_BIT_CONVERSION = YES;
				GCC_WARN_ABOUT_RETURN_TYPE = YES_ERROR;
				GCC_WARN_UNDECLARED_SELECTOR = YES;
				GCC_WARN_UNINITIALIZED_AUTOS = YES_AGGRESSIVE;
				GCC_WARN_UNUSED_FUNCTION = YES;
				GCC_WARN_UNUSED_VARIABLE = YES;
				IPHONEOS_DEPLOYMENT_TARGET = 12.1;
				MTL_ENABLE_DEBUG_INFO = NO;
				MTL_FAST_MATH = YES;
				SDKROOT = iphoneos;
				SWIFT_COMPILATION_MODE = wholemodule;
				SWIFT_OPTIMIZATION_LEVEL = "-O";
				VALIDATE_PRODUCT = YES;
			};
			name = Release;
		};
		A23F318B21E62E5E0070ECDB /* Debug */ = {
			isa = XCBuildConfiguration;
			baseConfigurationReference = B7CB4522C513EA00F2480D7A /* Pods-MyAssetsIOS.debug.xcconfig */;
			buildSettings = {
				ASSETCATALOG_COMPILER_APPICON_NAME = AppIcon;
				CLANG_ENABLE_MODULES = YES;
				CODE_SIGN_STYLE = Automatic;
				DEBUG = "";
				INFOPLIST_FILE = MyAssetsIOS/Info.plist;
				LD_RUNPATH_SEARCH_PATHS = (
					"$(inherited)",
					"@executable_path/Frameworks",
				);
				PRODUCT_BUNDLE_IDENTIFIER = com.deniscapeto.MyAssetsIOS;
				PRODUCT_NAME = "$(TARGET_NAME)";
				SWIFT_OBJC_BRIDGING_HEADER = "MyAssetsIOS/Utils/MyAssetsIOS-Bridging-Header.h";
				SWIFT_OPTIMIZATION_LEVEL = "-Onone";
				SWIFT_VERSION = 4.2;
				TARGETED_DEVICE_FAMILY = "1,2";
			};
			name = Debug;
		};
		A23F318C21E62E5E0070ECDB /* Release */ = {
			isa = XCBuildConfiguration;
			baseConfigurationReference = A21E373742CB2E177B26C172 /* Pods-MyAssetsIOS.release.xcconfig */;
			buildSettings = {
				ASSETCATALOG_COMPILER_APPICON_NAME = AppIcon;
				CLANG_ENABLE_MODULES = YES;
				CODE_SIGN_STYLE = Automatic;
				DEBUG = "";
				INFOPLIST_FILE = MyAssetsIOS/Info.plist;
				LD_RUNPATH_SEARCH_PATHS = (
					"$(inherited)",
					"@executable_path/Frameworks",
				);
				PRODUCT_BUNDLE_IDENTIFIER = com.deniscapeto.MyAssetsIOS;
				PRODUCT_NAME = "$(TARGET_NAME)";
				SWIFT_OBJC_BRIDGING_HEADER = "MyAssetsIOS/Utils/MyAssetsIOS-Bridging-Header.h";
				SWIFT_VERSION = 4.2;
				TARGETED_DEVICE_FAMILY = "1,2";
			};
			name = Release;
		};
/* End XCBuildConfiguration section */

/* Begin XCConfigurationList section */
		A23F317121E62E5E0070ECDB /* Build configuration list for PBXProject "MyAssetsIOS" */ = {
			isa = XCConfigurationList;
			buildConfigurations = (
				A23F318821E62E5E0070ECDB /* Debug */,
				A23F318921E62E5E0070ECDB /* Release */,
			);
			defaultConfigurationIsVisible = 0;
			defaultConfigurationName = Release;
		};
		A23F318A21E62E5E0070ECDB /* Build configuration list for PBXNativeTarget "MyAssetsIOS" */ = {
			isa = XCConfigurationList;
			buildConfigurations = (
				A23F318B21E62E5E0070ECDB /* Debug */,
				A23F318C21E62E5E0070ECDB /* Release */,
			);
			defaultConfigurationIsVisible = 0;
			defaultConfigurationName = Release;
		};
/* End XCConfigurationList section */
	};
	rootObject = A23F316E21E62E5E0070ECDB /* Project object */;
}
